
Microsoft Visual Studio Solution File, Format Version 12.00
# Visual Studio Version 16
VisualStudioVersion = 16.0.31410.357
MinimumVisualStudioVersion = 10.0.40219.1
Project("{FAE04EC0-301F-11D3-BF4B-00C04F79EFBC}") = "GameNet.App", "GameNet.App.csproj", "{731AF481-E9F3-4E05-8B21-B894DD8BA9E5}"
EndProject
Project("{FAE04EC0-301F-11D3-BF4B-00C04F79EFBC}") = "GameNet.DataLayer", "..\GameNet.DataLayer\GameNet.DataLayer.csproj", "{43CB6D5B-FC6B-4359-A53B-EF1EA57B7130}"
EndProject
Global
	GlobalSection(SolutionConfigurationPlatforms) = preSolution
		Debug|Any CPU = Debug|Any CPU
		Release|Any CPU = Release|Any CPU
	EndGlobalSection
	GlobalSection(ProjectConfigurationPlatforms) = postSolution
		{731AF481-E9F3-4E05-8B21-B894DD8BA9E5}.Debug|Any CPU.ActiveCfg = Debug|Any CPU
		{731AF481-E9F3-4E05-8B21-B894DD8BA9E5}.Debug|Any CPU.Build.0 = Debug|Any CPU
		{731AF481-E9F3-4E05-8B21-B894DD8BA9E5}.Release|Any CPU.ActiveCfg = Release|Any CPU
		{731AF481-E9F3-4E05-8B21-B894DD8BA9E5}.Release|Any CPU.Build.0 = Release|Any CPU
		{43CB6D5B-FC6B-4359-A53B-EF1EA57B7130}.Debug|Any CPU.ActiveCfg = Debug|Any CPU
		{43CB6D5B-FC6B-4359-A53B-EF1EA57B7130}.Debug|Any CPU.Build.0 = Debug|Any CPU
		{43CB6D5B-FC6B-4359-A53B-EF1EA57B7130}.Release|Any CPU.ActiveCfg = Release|Any CPU
		{43CB6D5B-FC6B-4359-A53B-EF1EA57B7130}.Release|Any CPU.Build.0 = Release|Any CPU
	EndGlobalSection
	GlobalSection(SolutionProperties) = preSolution
		HideSolutionNode = FALSE
	EndGlobalSection
	GlobalSection(ExtensibilityGlobals) = postSolution
		SolutionGuid = {F9E3BE0B-B03A-452B-B075-2005B34BD224}
	EndGlobalSection
EndGlobal
